
Microsoft Visual Studio Solution File, Format Version 12.00
# Visual Studio 15
VisualStudioVersion = 15.0.28307.329
MinimumVisualStudioVersion = 10.0.40219.1
Project("{9A19103F-16F7-4668-BE54-9A1E7A4F7556}") = "ClassLibrary", "ClassLibrary\ClassLibrary.csproj", "{68DCEA9D-2012-4E55-BC6C-7F5B0A18C7D5}"
EndProject
Project("{2150E333-8FDC-42A3-9474-1A3956D46DE8}") = "Ticketing system-vanio14", "Ticketing system-vanio14", "{D09A37AE-235E-4CA5-BD16-76270B8692C3}"
EndProject
Project("{FAE04EC0-301F-11D3-BF4B-00C04F79EFBC}") = "TicketLybrary", "TicketLybrary\TicketLybrary.csproj", "{F37DD3DC-0489-4BFD-955C-B4CFEC41EEB3}"
EndProject
Project("{FAE04EC0-301F-11D3-BF4B-00C04F79EFBC}") = "UnitTestPriceAndStringType", "UnitTestPriceAndStringType\UnitTestPriceAndStringType.csproj", "{7626B705-44F5-47B3-B388-69EDB4D771BC}"
EndProject
Global
	GlobalSection(SolutionConfigurationPlatforms) = preSolution
		Debug|Any CPU = Debug|Any CPU
		Release|Any CPU = Release|Any CPU
	EndGlobalSection
	GlobalSection(ProjectConfigurationPlatforms) = postSolution
		{68DCEA9D-2012-4E55-BC6C-7F5B0A18C7D5}.Debug|Any CPU.ActiveCfg = Debug|Any CPU
		{68DCEA9D-2012-4E55-BC6C-7F5B0A18C7D5}.Debug|Any CPU.Build.0 = Debug|Any CPU
		{68DCEA9D-2012-4E55-BC6C-7F5B0A18C7D5}.Release|Any CPU.ActiveCfg = Release|Any CPU
		{68DCEA9D-2012-4E55-BC6C-7F5B0A18C7D5}.Release|Any CPU.Build.0 = Release|Any CPU
		{F37DD3DC-0489-4BFD-955C-B4CFEC41EEB3}.Debug|Any CPU.ActiveCfg = Debug|Any CPU
		{F37DD3DC-0489-4BFD-955C-B4CFEC41EEB3}.Debug|Any CPU.Build.0 = Debug|Any CPU
		{F37DD3DC-0489-4BFD-955C-B4CFEC41EEB3}.Release|Any CPU.ActiveCfg = Release|Any CPU
		{F37DD3DC-0489-4BFD-955C-B4CFEC41EEB3}.Release|Any CPU.Build.0 = Release|Any CPU
		{7626B705-44F5-47B3-B388-69EDB4D771BC}.Debug|Any CPU.ActiveCfg = Debug|Any CPU
		{7626B705-44F5-47B3-B388-69EDB4D771BC}.Debug|Any CPU.Build.0 = Debug|Any CPU
		{7626B705-44F5-47B3-B388-69EDB4D771BC}.Release|Any CPU.ActiveCfg = Release|Any CPU
		{7626B705-44F5-47B3-B388-69EDB4D771BC}.Release|Any CPU.Build.0 = Release|Any CPU
	EndGlobalSection
	GlobalSection(SolutionProperties) = preSolution
		HideSolutionNode = FALSE
	EndGlobalSection
	GlobalSection(ExtensibilityGlobals) = postSolution
		SolutionGuid = {DB369C67-9400-4357-8DE2-2A4EE9D05B4E}
	EndGlobalSection
EndGlobal
